
Microsoft Visual Studio Solution File, Format Version 12.00
# Visual Studio Version 17
VisualStudioVersion = 17.0.31903.59
MinimumVisualStudioVersion = 10.0.40219.1
Project("{FAE04EC0-301F-11D3-BF4B-00C04F79EFBC}") = "API", "API\API.csproj", "{181A0773-64A1-4CA5-94BD-635C56DDDD07}"
EndProject
Project("{FAE04EC0-301F-11D3-BF4B-00C04F79EFBC}") = "Application", "Application\Application.csproj", "{0579B202-CF2B-4BAB-AD3B-BC68DF054123}"
EndProject
Project("{FAE04EC0-301F-11D3-BF4B-00C04F79EFBC}") = "Domain", "Domain\Domain.csproj", "{62ABF051-2C48-4943-BA88-FDFDCD111E7D}"
EndProject
Project("{FAE04EC0-301F-11D3-BF4B-00C04F79EFBC}") = "Persistence", "Persistence\Persistence.csproj", "{596B9444-5DB2-4473-A990-3299F4051D41}"
EndProject
Global
	GlobalSection(SolutionConfigurationPlatforms) = preSolution
		Debug|Any CPU = Debug|Any CPU
		Release|Any CPU = Release|Any CPU
	EndGlobalSection
	GlobalSection(SolutionProperties) = preSolution
		HideSolutionNode = FALSE
	EndGlobalSection
	GlobalSection(ProjectConfigurationPlatforms) = postSolution
		{181A0773-64A1-4CA5-94BD-635C56DDDD07}.Debug|Any CPU.ActiveCfg = Debug|Any CPU
		{181A0773-64A1-4CA5-94BD-635C56DDDD07}.Debug|Any CPU.Build.0 = Debug|Any CPU
		{181A0773-64A1-4CA5-94BD-635C56DDDD07}.Release|Any CPU.ActiveCfg = Release|Any CPU
		{181A0773-64A1-4CA5-94BD-635C56DDDD07}.Release|Any CPU.Build.0 = Release|Any CPU
		{0579B202-CF2B-4BAB-AD3B-BC68DF054123}.Debug|Any CPU.ActiveCfg = Debug|Any CPU
		{0579B202-CF2B-4BAB-AD3B-BC68DF054123}.Debug|Any CPU.Build.0 = Debug|Any CPU
		{0579B202-CF2B-4BAB-AD3B-BC68DF054123}.Release|Any CPU.ActiveCfg = Release|Any CPU
		{0579B202-CF2B-4BAB-AD3B-BC68DF054123}.Release|Any CPU.Build.0 = Release|Any CPU
		{62ABF051-2C48-4943-BA88-FDFDCD111E7D}.Debug|Any CPU.ActiveCfg = Debug|Any CPU
		{62ABF051-2C48-4943-BA88-FDFDCD111E7D}.Debug|Any CPU.Build.0 = Debug|Any CPU
		{62ABF051-2C48-4943-BA88-FDFDCD111E7D}.Release|Any CPU.ActiveCfg = Release|Any CPU
		{62ABF051-2C48-4943-BA88-FDFDCD111E7D}.Release|Any CPU.Build.0 = Release|Any CPU
		{596B9444-5DB2-4473-A990-3299F4051D41}.Debug|Any CPU.ActiveCfg = Debug|Any CPU
		{596B9444-5DB2-4473-A990-3299F4051D41}.Debug|Any CPU.Build.0 = Debug|Any CPU
		{596B9444-5DB2-4473-A990-3299F4051D41}.Release|Any CPU.ActiveCfg = Release|Any CPU
		{596B9444-5DB2-4473-A990-3299F4051D41}.Release|Any CPU.Build.0 = Release|Any CPU
	EndGlobalSection
EndGlobal
